
Microsoft Visual Studio Solution File, Format Version 12.00
# Visual Studio 15
VisualStudioVersion = 15.0.27703.2035
MinimumVisualStudioVersion = 10.0.40219.1
Project("{FAE04EC0-301F-11D3-BF4B-00C04F79EFBC}") = "ToDoApp", "ToDoApp\ToDoApp.csproj", "{4AF41B13-5932-467C-A31F-BD8E75EAB7FF}"
EndProject
Project("{FAE04EC0-301F-11D3-BF4B-00C04F79EFBC}") = "ToDoApp.Tests", "ToDoApp.Tests\ToDoApp.Tests.csproj", "{7BAC2EA5-BB47-4547-8C3A-6E16740F79AD}"
EndProject
Global
	GlobalSection(SolutionConfigurationPlatforms) = preSolution
		Debug|Any CPU = Debug|Any CPU
		Release|Any CPU = Release|Any CPU
	EndGlobalSection
	GlobalSection(ProjectConfigurationPlatforms) = postSolution
		{4AF41B13-5932-467C-A31F-BD8E75EAB7FF}.Debug|Any CPU.ActiveCfg = Debug|Any CPU
		{4AF41B13-5932-467C-A31F-BD8E75EAB7FF}.Debug|Any CPU.Build.0 = Debug|Any CPU
		{4AF41B13-5932-467C-A31F-BD8E75EAB7FF}.Release|Any CPU.ActiveCfg = Release|Any CPU
		{4AF41B13-5932-467C-A31F-BD8E75EAB7FF}.Release|Any CPU.Build.0 = Release|Any CPU
		{7BAC2EA5-BB47-4547-8C3A-6E16740F79AD}.Debug|Any CPU.ActiveCfg = Debug|Any CPU
		{7BAC2EA5-BB47-4547-8C3A-6E16740F79AD}.Debug|Any CPU.Build.0 = Debug|Any CPU
		{7BAC2EA5-BB47-4547-8C3A-6E16740F79AD}.Release|Any CPU.ActiveCfg = Release|Any CPU
		{7BAC2EA5-BB47-4547-8C3A-6E16740F79AD}.Release|Any CPU.Build.0 = Release|Any CPU
	EndGlobalSection
	GlobalSection(SolutionProperties) = preSolution
		HideSolutionNode = FALSE
	EndGlobalSection
	GlobalSection(ExtensibilityGlobals) = postSolution
		SolutionGuid = {AA917ACD-A3BB-4CFF-967D-98CE8F6FA00E}
	EndGlobalSection
EndGlobal
